
Microsoft Visual Studio Solution File, Format Version 12.00
# Visual Studio Version 17
VisualStudioVersion = 17.13.35825.156 d17.13
MinimumVisualStudioVersion = 10.0.40219.1
Project("{FAE04EC0-301F-11D3-BF4B-00C04F79EFBC}") = "Baynatna", "Baynatna.csproj", "{08522FE8-9C0E-4F61-A86E-60A89DF2DE14}"
EndProject
Global
	GlobalSection(SolutionConfigurationPlatforms) = preSolution
		Debug|Any CPU = Debug|Any CPU
		Release|Any CPU = Release|Any CPU
	EndGlobalSection
	GlobalSection(ProjectConfigurationPlatforms) = postSolution
		{08522FE8-9C0E-4F61-A86E-60A89DF2DE14}.Debug|Any CPU.ActiveCfg = Debug|Any CPU
		{08522FE8-9C0E-4F61-A86E-60A89DF2DE14}.Debug|Any CPU.Build.0 = Debug|Any CPU
		{08522FE8-9C0E-4F61-A86E-60A89DF2DE14}.Release|Any CPU.ActiveCfg = Release|Any CPU
		{08522FE8-9C0E-4F61-A86E-60A89DF2DE14}.Release|Any CPU.Build.0 = Release|Any CPU
	EndGlobalSection
	GlobalSection(SolutionProperties) = preSolution
		HideSolutionNode = FALSE
	EndGlobalSection
	GlobalSection(ExtensibilityGlobals) = postSolution
		SolutionGuid = {46545BAA-9926-40F8-9D7E-0CDEB4256127}
	EndGlobalSection
EndGlobal
